
Microsoft Visual Studio Solution File, Format Version 12.00
# Visual Studio Version 16
VisualStudioVersion = 16.0.31105.61
MinimumVisualStudioVersion = 10.0.40219.1
Project("{8BC9CEB8-8B4A-11D0-8D11-00A0C91BC942}") = "4_OnlyWindow", "Chapter4\Chapter4.vcxproj", "{F19B3888-DC67-458C-9745-0F8A9F44976F}"
EndProject
Project("{8BC9CEB8-8B4A-11D0-8D11-00A0C91BC942}") = "6_D3DBox", "Chapter6\Chapter6.vcxproj", "{FB1D5F50-08A2-4F0C-8763-F22EE6A5E62E}"
EndProject
Project("{8BC9CEB8-8B4A-11D0-8D11-00A0C91BC942}") = "7_1_Shapes", "7_Shapes\7_Shapes.vcxproj", "{9C6D5C14-62AF-4274-A0DE-F67720224AC6}"
EndProject
Project("{8BC9CEB8-8B4A-11D0-8D11-00A0C91BC942}") = "7_2_LandAndWaves", "7_LandAndWaves\7_LandAndWaves.vcxproj", "{377D3862-2C9C-49AD-9C99-E5D238FCEC38}"
EndProject
Project("{8BC9CEB8-8B4A-11D0-8D11-00A0C91BC942}") = "8_LitWaves", "8_LitWaves\8_LitWaves.vcxproj", "{CF6B6D68-EA9B-429A-87D2-CF5CD4B6D583}"
EndProject
Project("{8BC9CEB8-8B4A-11D0-8D11-00A0C91BC942}") = "9_Crate", "Chapter 9 Texturing\9_Crate\9_Crate.vcxproj", "{02CDA64C-1AD8-479B-B25D-04C7C23BDD70}"
EndProject
Project("{8BC9CEB8-8B4A-11D0-8D11-00A0C91BC942}") = "9_TexWaves", "Chapter 9 Texturing\9_TexWaves\9_TexWaves.vcxproj", "{02346E17-7FD7-49A0-A0E3-756736E9B217}"
EndProject
Project("{8BC9CEB8-8B4A-11D0-8D11-00A0C91BC942}") = "9_TexColumns", "Chapter 9 Texturing\9_TexColumns\9_TexColumns.vcxproj", "{BF0FC25E-C790-4EC7-978D-AAA0E3127B5A}"
EndProject
Project("{8BC9CEB8-8B4A-11D0-8D11-00A0C91BC942}") = "10_BlendDemo", "Chapter 10 Blending\BlendDemo\BlendDemo.vcxproj", "{3BBA9588-1E11-40C7-8C8B-2F36F3C6B033}"
EndProject
Project("{8BC9CEB8-8B4A-11D0-8D11-00A0C91BC942}") = "11_StencilDemo", "Chapter 11 Stenciling\11_StencilDemo\11_StencilDemo.vcxproj", "{ED31E485-8024-4276-AEAD-75A0981B1E15}"
EndProject
Project("{8BC9CEB8-8B4A-11D0-8D11-00A0C91BC942}") = "12_TreeBillboards", "Chapter 12 The Geometry Shader\12_TreeBillboards\12_TreeBillboards.vcxproj", "{8EC83ABB-1AF4-4CB9-A09F-405ACAB12B51}"
EndProject
Project("{8BC9CEB8-8B4A-11D0-8D11-00A0C91BC942}") = "13_Blur", "Chapter 13 The Compute Shader\13_Blur\13_Blur.vcxproj", "{48BA6B3B-B053-4A99-A700-ADF2A786B82D}"
EndProject
Project("{8BC9CEB8-8B4A-11D0-8D11-00A0C91BC942}") = "13_SobelFilter", "Chapter 13 The Compute Shader\13_SobelFilter\13_SobelFilter.vcxproj", "{CB79B905-264E-49A1-8E78-246148B04E4D}"
EndProject
Project("{8BC9CEB8-8B4A-11D0-8D11-00A0C91BC942}") = "13_VecAdd", "Chapter 13 The Compute Shader\13_VecAdd\13_VecAdd.vcxproj", "{8AC29C2D-89EF-48CD-98C4-3FC0F377D9BD}"
EndProject
Project("{8BC9CEB8-8B4A-11D0-8D11-00A0C91BC942}") = "13_WavesCS", "Chapter 13 The Compute Shader\13_WavesCS\13_WavesCS.vcxproj", "{A6103641-8A5C-4CD9-80C9-862618F2B28C}"
EndProject
Project("{8BC9CEB8-8B4A-11D0-8D11-00A0C91BC942}") = "14_BasicTessellation", "Chapter 14 The Tessellation Stages\14_BasicTessellation\14_BasicTessellation.vcxproj", "{BEEDB3DF-92BF-493F-A84D-FB1462580AB9}"
EndProject
Project("{8BC9CEB8-8B4A-11D0-8D11-00A0C91BC942}") = "14_BezierPatch", "Chapter 14 The Tessellation Stages\14_BezierPatch\14_BezierPatch.vcxproj", "{00B9AD32-5520-467C-A98B-B05C494186A2}"
EndProject
Project("{2150E333-8FDC-42A3-9474-1A3956D46DE8}") = "10_混合", "10_混合", "{0563394B-EC40-483D-9FDE-0F68A802C8DB}"
EndProject
Project("{2150E333-8FDC-42A3-9474-1A3956D46DE8}") = "11_模板缓存", "11_模板缓存", "{7CB9C425-A3AD-402C-A887-8612C25A8764}"
EndProject
Project("{2150E333-8FDC-42A3-9474-1A3956D46DE8}") = "12_几何着色器及公告牌技术", "12_几何着色器及公告牌技术", "{53872E8F-51F5-4932-9FFA-C9D78C892600}"
EndProject
Project("{2150E333-8FDC-42A3-9474-1A3956D46DE8}") = "13_计算着色器及模糊理论", "13_计算着色器及模糊理论", "{C51FAE61-0DEB-4C6C-8F46-33796769E97F}"
EndProject
Global
	GlobalSection(SolutionConfigurationPlatforms) = preSolution
		Debug|x64 = Debug|x64
		Debug|x86 = Debug|x86
		Release|x64 = Release|x64
		Release|x86 = Release|x86
	EndGlobalSection
	GlobalSection(ProjectConfigurationPlatforms) = postSolution
		{F19B3888-DC67-458C-9745-0F8A9F44976F}.Debug|x64.ActiveCfg = Debug|x64
		{F19B3888-DC67-458C-9745-0F8A9F44976F}.Debug|x64.Build.0 = Debug|x64
		{F19B3888-DC67-458C-9745-0F8A9F44976F}.Debug|x86.ActiveCfg = Debug|Win32
		{F19B3888-DC67-458C-9745-0F8A9F44976F}.Debug|x86.Build.0 = Debug|Win32
		{F19B3888-DC67-458C-9745-0F8A9F44976F}.Release|x64.ActiveCfg = Release|x64
		{F19B3888-DC67-458C-9745-0F8A9F44976F}.Release|x64.Build.0 = Release|x64
		{F19B3888-DC67-458C-9745-0F8A9F44976F}.Release|x86.ActiveCfg = Release|Win32
		{F19B3888-DC67-458C-9745-0F8A9F44976F}.Release|x86.Build.0 = Release|Win32
		{FB1D5F50-08A2-4F0C-8763-F22EE6A5E62E}.Debug|x64.ActiveCfg = Debug|x64
		{FB1D5F50-08A2-4F0C-8763-F22EE6A5E62E}.Debug|x64.Build.0 = Debug|x64
		{FB1D5F50-08A2-4F0C-8763-F22EE6A5E62E}.Debug|x86.ActiveCfg = Debug|Win32
		{FB1D5F50-08A2-4F0C-8763-F22EE6A5E62E}.Debug|x86.Build.0 = Debug|Win32
		{FB1D5F50-08A2-4F0C-8763-F22EE6A5E62E}.Release|x64.ActiveCfg = Release|x64
		{FB1D5F50-08A2-4F0C-8763-F22EE6A5E62E}.Release|x64.Build.0 = Release|x64
		{FB1D5F50-08A2-4F0C-8763-F22EE6A5E62E}.Release|x86.ActiveCfg = Release|Win32
		{FB1D5F50-08A2-4F0C-8763-F22EE6A5E62E}.Release|x86.Build.0 = Release|Win32
		{9C6D5C14-62AF-4274-A0DE-F67720224AC6}.Debug|x64.ActiveCfg = Debug|x64
		{9C6D5C14-62AF-4274-A0DE-F67720224AC6}.Debug|x64.Build.0 = Debug|x64
		{9C6D5C14-62AF-4274-A0DE-F67720224AC6}.Debug|x86.ActiveCfg = Debug|Win32
		{9C6D5C14-62AF-4274-A0DE-F67720224AC6}.Debug|x86.Build.0 = Debug|Win32
		{9C6D5C14-62AF-4274-A0DE-F67720224AC6}.Release|x64.ActiveCfg = Release|x64
		{9C6D5C14-62AF-4274-A0DE-F67720224AC6}.Release|x64.Build.0 = Release|x64
		{9C6D5C14-62AF-4274-A0DE-F67720224AC6}.Release|x86.ActiveCfg = Release|Win32
		{9C6D5C14-62AF-4274-A0DE-F67720224AC6}.Release|x86.Build.0 = Release|Win32
		{377D3862-2C9C-49AD-9C99-E5D238FCEC38}.Debug|x64.ActiveCfg = Debug|x64
		{377D3862-2C9C-49AD-9C99-E5D238FCEC38}.Debug|x64.Build.0 = Debug|x64
		{377D3862-2C9C-49AD-9C99-E5D238FCEC38}.Debug|x86.ActiveCfg = Debug|Win32
		{377D3862-2C9C-49AD-9C99-E5D238FCEC38}.Debug|x86.Build.0 = Debug|Win32
		{377D3862-2C9C-49AD-9C99-E5D238FCEC38}.Release|x64.ActiveCfg = Release|x64
		{377D3862-2C9C-49AD-9C99-E5D238FCEC38}.Release|x64.Build.0 = Release|x64
		{377D3862-2C9C-49AD-9C99-E5D238FCEC38}.Release|x86.ActiveCfg = Release|Win32
		{377D3862-2C9C-49AD-9C99-E5D238FCEC38}.Release|x86.Build.0 = Release|Win32
		{CF6B6D68-EA9B-429A-87D2-CF5CD4B6D583}.Debug|x64.ActiveCfg = Debug|x64
		{CF6B6D68-EA9B-429A-87D2-CF5CD4B6D583}.Debug|x64.Build.0 = Debug|x64
		{CF6B6D68-EA9B-429A-87D2-CF5CD4B6D583}.Debug|x86.ActiveCfg = Debug|Win32
		{CF6B6D68-EA9B-429A-87D2-CF5CD4B6D583}.Debug|x86.Build.0 = Debug|Win32
		{CF6B6D68-EA9B-429A-87D2-CF5CD4B6D583}.Release|x64.ActiveCfg = Release|x64
		{CF6B6D68-EA9B-429A-87D2-CF5CD4B6D583}.Release|x64.Build.0 = Release|x64
		{CF6B6D68-EA9B-429A-87D2-CF5CD4B6D583}.Release|x86.ActiveCfg = Release|Win32
		{CF6B6D68-EA9B-429A-87D2-CF5CD4B6D583}.Release|x86.Build.0 = Release|Win32
		{02CDA64C-1AD8-479B-B25D-04C7C23BDD70}.Debug|x64.ActiveCfg = Debug|x64
		{02CDA64C-1AD8-479B-B25D-04C7C23BDD70}.Debug|x64.Build.0 = Debug|x64
		{02CDA64C-1AD8-479B-B25D-04C7C23BDD70}.Debug|x86.ActiveCfg = Debug|Win32
		{02CDA64C-1AD8-479B-B25D-04C7C23BDD70}.Debug|x86.Build.0 = Debug|Win32
		{02CDA64C-1AD8-479B-B25D-04C7C23BDD70}.Release|x64.ActiveCfg = Release|x64
		{02CDA64C-1AD8-479B-B25D-04C7C23BDD70}.Release|x64.Build.0 = Release|x64
		{02CDA64C-1AD8-479B-B25D-04C7C23BDD70}.Release|x86.ActiveCfg = Release|Win32
		{02CDA64C-1AD8-479B-B25D-04C7C23BDD70}.Release|x86.Build.0 = Release|Win32
		{02346E17-7FD7-49A0-A0E3-756736E9B217}.Debug|x64.ActiveCfg = Debug|x64
		{02346E17-7FD7-49A0-A0E3-756736E9B217}.Debug|x64.Build.0 = Debug|x64
		{02346E17-7FD7-49A0-A0E3-756736E9B217}.Debug|x86.ActiveCfg = Debug|Win32
		{02346E17-7FD7-49A0-A0E3-756736E9B217}.Debug|x86.Build.0 = Debug|Win32
		{02346E17-7FD7-49A0-A0E3-756736E9B217}.Release|x64.ActiveCfg = Release|x64
		{02346E17-7FD7-49A0-A0E3-756736E9B217}.Release|x64.Build.0 = Release|x64
		{02346E17-7FD7-49A0-A0E3-756736E9B217}.Release|x86.ActiveCfg = Release|Win32
		{02346E17-7FD7-49A0-A0E3-756736E9B217}.Release|x86.Build.0 = Release|Win32
		{BF0FC25E-C790-4EC7-978D-AAA0E3127B5A}.Debug|x64.ActiveCfg = Debug|x64
		{BF0FC25E-C790-4EC7-978D-AAA0E3127B5A}.Debug|x64.Build.0 = Debug|x64
		{BF0FC25E-C790-4EC7-978D-AAA0E3127B5A}.Debug|x86.ActiveCfg = Debug|Win32
		{BF0FC25E-C790-4EC7-978D-AAA0E3127B5A}.Debug|x86.Build.0 = Debug|Win32
		{BF0FC25E-C790-4EC7-978D-AAA0E3127B5A}.Release|x64.ActiveCfg = Release|x64
		{BF0FC25E-C790-4EC7-978D-AAA0E3127B5A}.Release|x64.Build.0 = Release|x64
		{BF0FC25E-C790-4EC7-978D-AAA0E3127B5A}.Release|x86.ActiveCfg = Release|Win32
		{BF0FC25E-C790-4EC7-978D-AAA0E3127B5A}.Release|x86.Build.0 = Release|Win32
		{3BBA9588-1E11-40C7-8C8B-2F36F3C6B033}.Debug|x64.ActiveCfg = Debug|x64
		{3BBA9588-1E11-40C7-8C8B-2F36F3C6B033}.Debug|x64.Build.0 = Debug|x64
		{3BBA9588-1E11-40C7-8C8B-2F36F3C6B033}.Debug|x86.ActiveCfg = Debug|Win32
		{3BBA9588-1E11-40C7-8C8B-2F36F3C6B033}.Debug|x86.Build.0 = Debug|Win32
		{3BBA9588-1E11-40C7-8C8B-2F36F3C6B033}.Release|x64.ActiveCfg = Release|x64
		{3BBA9588-1E11-40C7-8C8B-2F36F3C6B033}.Release|x64.Build.0 = Release|x64
		{3BBA9588-1E11-40C7-8C8B-2F36F3C6B033}.Release|x86.ActiveCfg = Release|Win32
		{3BBA9588-1E11-40C7-8C8B-2F36F3C6B033}.Release|x86.Build.0 = Release|Win32
		{ED31E485-8024-4276-AEAD-75A0981B1E15}.Debug|x64.ActiveCfg = Debug|x64
		{ED31E485-8024-4276-AEAD-75A0981B1E15}.Debug|x64.Build.0 = Debug|x64
		{ED31E485-8024-4276-AEAD-75A0981B1E15}.Debug|x86.ActiveCfg = Debug|Win32
		{ED31E485-8024-4276-AEAD-75A0981B1E15}.Debug|x86.Build.0 = Debug|Win32
		{ED31E485-8024-4276-AEAD-75A0981B1E15}.Release|x64.ActiveCfg = Release|x64
		{ED31E485-8024-4276-AEAD-75A0981B1E15}.Release|x64.Build.0 = Release|x64
		{ED31E485-8024-4276-AEAD-75A0981B1E15}.Release|x86.ActiveCfg = Release|Win32
		{ED31E485-8024-4276-AEAD-75A0981B1E15}.Release|x86.Build.0 = Release|Win32
		{8EC83ABB-1AF4-4CB9-A09F-405ACAB12B51}.Debug|x64.ActiveCfg = Debug|x64
		{8EC83ABB-1AF4-4CB9-A09F-405ACAB12B51}.Debug|x64.Build.0 = Debug|x64
		{8EC83ABB-1AF4-4CB9-A09F-405ACAB12B51}.Debug|x86.ActiveCfg = Debug|Win32
		{8EC83ABB-1AF4-4CB9-A09F-405ACAB12B51}.Debug|x86.Build.0 = Debug|Win32
		{8EC83ABB-1AF4-4CB9-A09F-405ACAB12B51}.Release|x64.ActiveCfg = Release|x64
		{8EC83ABB-1AF4-4CB9-A09F-405ACAB12B51}.Release|x64.Build.0 = Release|x64
		{8EC83ABB-1AF4-4CB9-A09F-405ACAB12B51}.Release|x86.ActiveCfg = Release|Win32
		{8EC83ABB-1AF4-4CB9-A09F-405ACAB12B51}.Release|x86.Build.0 = Release|Win32
		{48BA6B3B-B053-4A99-A700-ADF2A786B82D}.Debug|x64.ActiveCfg = Debug|x64
		{48BA6B3B-B053-4A99-A700-ADF2A786B82D}.Debug|x64.Build.0 = Debug|x64
		{48BA6B3B-B053-4A99-A700-ADF2A786B82D}.Debug|x86.ActiveCfg = Debug|Win32
		{48BA6B3B-B053-4A99-A700-ADF2A786B82D}.Debug|x86.Build.0 = Debug|Win32
		{48BA6B3B-B053-4A99-A700-ADF2A786B82D}.Release|x64.ActiveCfg = Release|x64
		{48BA6B3B-B053-4A99-A700-ADF2A786B82D}.Release|x64.Build.0 = Release|x64
		{48BA6B3B-B053-4A99-A700-ADF2A786B82D}.Release|x86.ActiveCfg = Release|Win32
		{48BA6B3B-B053-4A99-A700-ADF2A786B82D}.Release|x86.Build.0 = Release|Win32
		{CB79B905-264E-49A1-8E78-246148B04E4D}.Debug|x64.ActiveCfg = Debug|x64
		{CB79B905-264E-49A1-8E78-246148B04E4D}.Debug|x64.Build.0 = Debug|x64
		{CB79B905-264E-49A1-8E78-246148B04E4D}.Debug|x86.ActiveCfg = Debug|Win32
		{CB79B905-264E-49A1-8E78-246148B04E4D}.Debug|x86.Build.0 = Debug|Win32
		{CB79B905-264E-49A1-8E78-246148B04E4D}.Release|x64.ActiveCfg = Release|x64
		{CB79B905-264E-49A1-8E78-246148B04E4D}.Release|x64.Build.0 = Release|x64
		{CB79B905-264E-49A1-8E78-246148B04E4D}.Release|x86.ActiveCfg = Release|Win32
		{CB79B905-264E-49A1-8E78-246148B04E4D}.Release|x86.Build.0 = Release|Win32
		{8AC29C2D-89EF-48CD-98C4-3FC0F377D9BD}.Debug|x64.ActiveCfg = Debug|x64
		{8AC29C2D-89EF-48CD-98C4-3FC0F377D9BD}.Debug|x64.Build.0 = Debug|x64
		{8AC29C2D-89EF-48CD-98C4-3FC0F377D9BD}.Debug|x86.ActiveCfg = Debug|Win32
		{8AC29C2D-89EF-48CD-98C4-3FC0F377D9BD}.Debug|x86.Build.0 = Debug|Win32
		{8AC29C2D-89EF-48CD-98C4-3FC0F377D9BD}.Release|x64.ActiveCfg = Release|x64
		{8AC29C2D-89EF-48CD-98C4-3FC0F377D9BD}.Release|x64.Build.0 = Release|x64
		{8AC29C2D-89EF-48CD-98C4-3FC0F377D9BD}.Release|x86.ActiveCfg = Release|Win32
		{8AC29C2D-89EF-48CD-98C4-3FC0F377D9BD}.Release|x86.Build.0 = Release|Win32
		{A6103641-8A5C-4CD9-80C9-862618F2B28C}.Debug|x64.ActiveCfg = Debug|x64
		{A6103641-8A5C-4CD9-80C9-862618F2B28C}.Debug|x64.Build.0 = Debug|x64
		{A6103641-8A5C-4CD9-80C9-862618F2B28C}.Debug|x86.ActiveCfg = Debug|Win32
		{A6103641-8A5C-4CD9-80C9-862618F2B28C}.Debug|x86.Build.0 = Debug|Win32
		{A6103641-8A5C-4CD9-80C9-862618F2B28C}.Release|x64.ActiveCfg = Release|x64
		{A6103641-8A5C-4CD9-80C9-862618F2B28C}.Release|x64.Build.0 = Release|x64
		{A6103641-8A5C-4CD9-80C9-862618F2B28C}.Release|x86.ActiveCfg = Release|Win32
		{A6103641-8A5C-4CD9-80C9-862618F2B28C}.Release|x86.Build.0 = Release|Win32
		{BEEDB3DF-92BF-493F-A84D-FB1462580AB9}.Debug|x64.ActiveCfg = Debug|x64
		{BEEDB3DF-92BF-493F-A84D-FB1462580AB9}.Debug|x64.Build.0 = Debug|x64
		{BEEDB3DF-92BF-493F-A84D-FB1462580AB9}.Debug|x86.ActiveCfg = Debug|Win32
		{BEEDB3DF-92BF-493F-A84D-FB1462580AB9}.Debug|x86.Build.0 = Debug|Win32
		{BEEDB3DF-92BF-493F-A84D-FB1462580AB9}.Release|x64.ActiveCfg = Release|x64
		{BEEDB3DF-92BF-493F-A84D-FB1462580AB9}.Release|x64.Build.0 = Release|x64
		{BEEDB3DF-92BF-493F-A84D-FB1462580AB9}.Release|x86.ActiveCfg = Release|Win32
		{BEEDB3DF-92BF-493F-A84D-FB1462580AB9}.Release|x86.Build.0 = Release|Win32
		{00B9AD32-5520-467C-A98B-B05C494186A2}.Debug|x64.ActiveCfg = Debug|x64
		{00B9AD32-5520-467C-A98B-B05C494186A2}.Debug|x64.Build.0 = Debug|x64
		{00B9AD32-5520-467C-A98B-B05C494186A2}.Debug|x86.ActiveCfg = Debug|Win32
		{00B9AD32-5520-467C-A98B-B05C494186A2}.Debug|x86.Build.0 = Debug|Win32
		{00B9AD32-5520-467C-A98B-B05C494186A2}.Release|x64.ActiveCfg = Release|x64
		{00B9AD32-5520-467C-A98B-B05C494186A2}.Release|x64.Build.0 = Release|x64
		{00B9AD32-5520-467C-A98B-B05C494186A2}.Release|x86.ActiveCfg = Release|Win32
		{00B9AD32-5520-467C-A98B-B05C494186A2}.Release|x86.Build.0 = Release|Win32
	EndGlobalSection
	GlobalSection(SolutionProperties) = preSolution
		HideSolutionNode = FALSE
	EndGlobalSection
	GlobalSection(NestedProjects) = preSolution
		{3BBA9588-1E11-40C7-8C8B-2F36F3C6B033} = {0563394B-EC40-483D-9FDE-0F68A802C8DB}
		{ED31E485-8024-4276-AEAD-75A0981B1E15} = {7CB9C425-A3AD-402C-A887-8612C25A8764}
		{8EC83ABB-1AF4-4CB9-A09F-405ACAB12B51} = {53872E8F-51F5-4932-9FFA-C9D78C892600}
		{48BA6B3B-B053-4A99-A700-ADF2A786B82D} = {C51FAE61-0DEB-4C6C-8F46-33796769E97F}
		{CB79B905-264E-49A1-8E78-246148B04E4D} = {C51FAE61-0DEB-4C6C-8F46-33796769E97F}
		{8AC29C2D-89EF-48CD-98C4-3FC0F377D9BD} = {C51FAE61-0DEB-4C6C-8F46-33796769E97F}
		{A6103641-8A5C-4CD9-80C9-862618F2B28C} = {C51FAE61-0DEB-4C6C-8F46-33796769E97F}
	EndGlobalSection
	GlobalSection(ExtensibilityGlobals) = postSolution
		SolutionGuid = {E11D927C-A760-491C-A0B0-4F0310DBCD42}
	EndGlobalSection
EndGlobal
